<?xml version="1.0" encoding="UTF-8" standalone="yes" ?>
<CodeBlocks_project_file>
	<FileVersion major="1" minor="6" />
	<Project>
		<Option title="Snake" />
		<Option pch_mode="2" />
		<Option compiler="gcc" />
		<Build>
			<Target title="Debug">
				<Option output="bin/Debug/Snake" prefix_auto="1" extension_auto="1" />
				<Option object_output="obj/Debug/" />
				<Option type="1" />
				<Option compiler="gcc" />
				<Option use_console_runner="0" />
				<Compiler>
					<Add option="-std=c++14" />
					<Add option="-g" />
					<Add directory="C:/Program Files (x86)/CodeBlocks/Bilblioteki/SFML-2.5.1/include" />
				</Compiler>
				<Linker>
					<Add library="sfml-system-d" />
					<Add library="sfml-window-d" />
					<Add library="sfml-graphics-d" />
					<Add library="sfml-audio-d" />
					<Add library="sfml-network-d" />
					<Add directory="C:/Program Files (x86)/CodeBlocks/Bilblioteki/SFML-2.5.1/lib" />
				</Linker>
			</Target>
			<Target title="Release">
				<Option output="bin/Release/Snake" prefix_auto="1" extension_auto="1" />
				<Option object_output="obj/Release/" />
				<Option type="0" />
				<Option compiler="gcc" />
				<Compiler>
					<Add option="-O2" />
					<Add option="-std=c++14" />
				</Compiler>
				<Linker>
					<Add option="-s" />
					<Add library="sfml-system" />
					<Add library="sfml-window" />
					<Add library="sfml-graphics" />
					<Add library="sfml-audio" />
					<Add library="sfml-network" />
				</Linker>
			</Target>
			<Environment>
				<Variable name="SFMLDependencies" value="-lfreetype -lglu32 -lopengl32 -lopenal32 -logg -lflac -lvorbis -lvorbisfile -lvorbisenc -lgdi32 -lwinmm -lws2_32" />
				<Variable name="SFMLDirectory" value='&quot;C:\Program Files (x86)\CodeBlocks\Bilblioteki\SFML-2.5.1\&quot;' />
				<Variable name="SFMLLibrariesDynamicDebug" value="-lsfml-graphics-d -lsfml-window-d -lsfml-audio-d -lsfml-network-d -lsfml-system-d" />
				<Variable name="SFMLLibrariesDynamicRelease" value="-lsfml-graphics -lsfml-window -lsfml-audio -lsfml-network -lsfml-system" />
				<Variable name="SFMLLibrariesStaticDebug" value="-lsfml-graphics-s-d -lsfml-window-s-d -lsfml-audio-s-d -lsfml-network-s-d -lsfml-system-s-d" />
				<Variable name="SFMLLibrariesStaticRelease" value="-lsfml-graphics-s -lsfml-window-s -lsfml-audio-s -lsfml-network-s -lsfml-system-s" />
			</Environment>
		</Build>
		<Compiler>
			<Add option="-Wall" />
			<Add option="-std=c++14" />
			<Add option="-DSFML_STATIC" />
			<Add directory="C:/Program Files (x86)/CodeBlocks/Bilblioteki/SFML-2.5.1/include" />
			<Add directory="Source Files" />
		</Compiler>
		<Linker>
			<Add option="-static-libstdc++" />
			<Add option="-static-libgcc" />
			<Add library="sfml-system" />
			<Add library="sfml-graphics" />
			<Add library="sfml-network" />
			<Add library="sfml-window" />
			<Add directory="C:/Program Files (x86)/CodeBlocks/Bilblioteki/SFML-2.5.1/lib" />
		</Linker>
		<Unit filename="Source Files/Gameview.hpp" />
		<Unit filename="Source Files/Menu.cpp" />
		<Unit filename="Source Files/Menu.hpp" />
		<Unit filename="Source Files/Snake.cpp" />
		<Unit filename="Source Files/Snake.hpp" />
		<Unit filename="Source Files/gameview.cpp" />
		<Unit filename="Source Files/main.cpp" />
		<Unit filename="Source Files/point.cpp" />
		<Unit filename="Source Files/point.hpp" />
		<Unit filename="Source Files/settings.cpp" />
		<Unit filename="Source Files/settings.hpp" />
		<Extensions>
			<code_completion />
			<envvars />
			<debugger />
		</Extensions>
	</Project>
</CodeBlocks_project_file>
